Microsoft Visual Studio Solution File, Format Version 12.00
# Visual Studio Version 18
VisualStudioVersion = 18.0.11201.2
MinimumVisualStudioVersion = 10.0.40219.1
Project("{FAE04EC0-301F-11D3-BF4B-00C04F79EFBC}") = "AppHost", "src\Orchestration\AppHost\AppHost.csproj", "{C0B18EBB-E32E-4348-B5F7-ADC08BFA12F9}"
EndProject
Project("{FAE04EC0-301F-11D3-BF4B-00C04F79EFBC}") = "ServiceDefaults", "src\Orchestration\ServiceDefaults\ServiceDefaults.csproj", "{12DB1232-0813-C7DE-7B3F-AE71DAFA506F}"
EndProject
Project("{FAE04EC0-301F-11D3-BF4B-00C04F79EFBC}") = "Web", "src\Web\Web.csproj", "{6345095E-97C9-D31F-3FCD-BCB9511292AF}"
EndProject
Project("{FAE04EC0-301F-11D3-BF4B-00C04F79EFBC}") = "Tests", "tests\Tests\Tests.csproj", "{92D29AAC-153D-941B-BDB8-3434C8E4C662}"
EndProject
Project("{2150E333-8FDC-42A3-9474-1A3956D46DE8}") = "src", "src", "{02EA681E-C7D8-13C7-8484-4AC65E1B71E8}"
EndProject
Project("{2150E333-8FDC-42A3-9474-1A3956D46DE8}") = "docs", "docs", "{3898CD42-E8B5-4F88-8BD7-DC0FC8B27011}"
	ProjectSection(SolutionItems) = preProject
		docs\EventTimestampGuidlinesISO20022.md = docs\EventTimestampGuidlinesISO20022.md
		docs\TechnologiesToImplement.md = docs\TechnologiesToImplement.md
	EndProjectSection
EndProject
Project("{2150E333-8FDC-42A3-9474-1A3956D46DE8}") = "tests", "tests", "{DBF258AA-21CA-4546-97F3-1466A61A018A}"
EndProject
Project("{2150E333-8FDC-42A3-9474-1A3956D46DE8}") = "Web", "Web", "{5AAC7D1F-A52D-4F59-AE47-06D6080C1CCE}"
EndProject
Project("{2150E333-8FDC-42A3-9474-1A3956D46DE8}") = "Microservices", "Microservices", "{9A523127-44F9-4A8D-9807-F18530625291}"
EndProject
Project("{2150E333-8FDC-42A3-9474-1A3956D46DE8}") = "Orchestration", "Orchestration", "{3409F188-87E8-4A4E-9D87-3ADBABAD2902}"
EndProject
Project("{2150E333-8FDC-42A3-9474-1A3956D46DE8}") = "BuildingBlocks", "BuildingBlocks", "{3E7292B7-391C-4517-AA3A-C234E1D04C67}"
EndProject
Project("{2150E333-8FDC-42A3-9474-1A3956D46DE8}") = "Catalog", "Catalog", "{5EB9A260-62CA-426A-9698-0940377E79FD}"
EndProject
Project("{FAE04EC0-301F-11D3-BF4B-00C04F79EFBC}") = "Catalog.API", "src\Microservices\Catalog\Catalog.API\Catalog.API.csproj", "{99E68B27-E178-A6DB-C5CF-DD37DFDC3DC2}"
EndProject
Project("{FAE04EC0-301F-11D3-BF4B-00C04F79EFBC}") = "Catalog.Domain", "src\Microservices\Catalog\Catalog.Domain\Catalog.Domain.csproj", "{116344E1-CEE3-49A6-B1DB-8BA5045DBF4E}"
EndProject
Project("{FAE04EC0-301F-11D3-BF4B-00C04F79EFBC}") = "Catalog.Application", "src\Microservices\Catalog\Catalog.Application\Catalog.Application.csproj", "{45942591-0078-47EC-ACAC-27119DD59355}"
EndProject
Project("{FAE04EC0-301F-11D3-BF4B-00C04F79EFBC}") = "Catalog.Infrastructure", "src\Microservices\Catalog\Catalog.Infrastructure\Catalog.Infrastructure.csproj", "{612D2535-FB55-4D99-B933-70F14BD5C471}"
EndProject
Project("{FAE04EC0-301F-11D3-BF4B-00C04F79EFBC}") = "Catalog.Tests", "src\Microservices\Catalog\Catalog.Tests\Catalog.Tests.csproj", "{34FCEC79-8A1B-43A8-A97A-E0D419F736C1}"
EndProject
Project("{2150E333-8FDC-42A3-9474-1A3956D46DE8}") = "Ordering", "Ordering", "{F21BF07A-5750-4D0E-B873-1F09A8C31505}"
EndProject
Project("{2150E333-8FDC-42A3-9474-1A3956D46DE8}") = "Identity", "Identity", "{A7F21109-5D73-4358-9648-042F562B8E4A}"
EndProject
Project("{2150E333-8FDC-42A3-9474-1A3956D46DE8}") = "Payment", "Payment", "{D3A75E6D-8D9D-4BC2-A99A-313E3594E087}"
EndProject
Project("{2150E333-8FDC-42A3-9474-1A3956D46DE8}") = "LoadTests", "LoadTests", "{74B7F3EE-8D57-4C88-A5F9-76DB6535CDA0}"
EndProject
Project("{2150E333-8FDC-42A3-9474-1A3956D46DE8}") = "E2ETests", "E2ETests", "{74FE3C11-AE1E-453B-9465-A1373DAA92DD}"
EndProject
Project("{2150E333-8FDC-42A3-9474-1A3956D46DE8}") = "ArchitectureTests", "ArchitectureTests", "{E309EC2A-7450-4880-A6FD-D743A86860C8}"
EndProject
Project("{2150E333-8FDC-42A3-9474-1A3956D46DE8}") = "Solution Items", "Solution Items", "{8EC462FD-D22E-90A8-E5CE-7E832BA40C5D}"
	ProjectSection(SolutionItems) = preProject
		.dockerignore = .dockerignore
		.editorconfig = .editorconfig
		.gitattributes = .gitattributes
		.gitignore = .gitignore
		Directory.Build.props = Directory.Build.props
		Directory.Packages.props = Directory.Packages.props
		global.json = global.json
		README.md = README.md
		settings.VisualStudio.json = settings.VisualStudio.json
	EndProjectSection
EndProject
Project("{FAE04EC0-301F-11D3-BF4B-00C04F79EFBC}") = "BuildingBlocks.Domain", "src\BuildingBlocks\BuildingBlocks.Domain\BuildingBlocks.Domain.csproj", "{02C70B9C-3E73-4EEC-B877-757CE00128FC}"
EndProject
Project("{FAE04EC0-301F-11D3-BF4B-00C04F79EFBC}") = "BuildingBlocks.Application", "src\BuildingBlocks\BuildingBlocks.Application\BuildingBlocks.Application.csproj", "{91CABDF6-538B-4BDE-83E4-837ECDA83A79}"
EndProject
Project("{FAE04EC0-301F-11D3-BF4B-00C04F79EFBC}") = "BuildingBlocks.Infrastructure", "src\BuildingBlocks\BuildingBlocks.Infrastructure\BuildingBlocks.Infrastructure.csproj", "{F1AD29CC-AE95-480E-A24A-AA40FBB8A2C5}"
EndProject
Project("{FAE04EC0-301F-11D3-BF4B-00C04F79EFBC}") = "BuildingBlocks.API", "src\BuildingBlocks\BuildingBlocks.API\BuildingBlocks.API.csproj", "{838D40A8-7464-4557-9F46-6F7B6875179C}"
EndProject
Project("{2150E333-8FDC-42A3-9474-1A3956D46DE8}") = ".github", ".github", "{EA1DAE95-0EB5-4BB0-AF89-5BA7663D9DA3}"
EndProject
Project("{2150E333-8FDC-42A3-9474-1A3956D46DE8}") = "workflows", "workflows", "{CBFC0D9C-E79F-4B38-AD82-51F257D7CA64}"
	ProjectSection(SolutionItems) = preProject
		.github\workflows\build-test-deploy.yml = .github\workflows\build-test-deploy.yml
	EndProjectSection
EndProject
Project("{2150E333-8FDC-42A3-9474-1A3956D46DE8}") = "DomainDrivenDesign", "DomainDrivenDesign", "{ACFD8820-65A4-4720-A8DB-CB7F00250C96}"
	ProjectSection(SolutionItems) = preProject
		docs\DomainDrivenDesign\AggregateRoot.md = docs\DomainDrivenDesign\AggregateRoot.md
	EndProjectSection
EndProject
Project("{2150E333-8FDC-42A3-9474-1A3956D46DE8}") = "WinSvc", "WinSvc", "{A24FE35D-8CDF-4CDF-AC81-EF3BFC79CFF7}"
EndProject
Project("{2150E333-8FDC-42A3-9474-1A3956D46DE8}") = "WinApp", "WinApp", "{FB3B0A39-3A4D-4E41-B5DE-F1967A313E7B}"
EndProject
Project("{2150E333-8FDC-42A3-9474-1A3956D46DE8}") = "WinExe", "WinExe", "{1C79E314-7870-4270-97F6-9414F9BB705B}"
EndProject
Project("{FAE04EC0-301F-11D3-BF4B-00C04F79EFBC}") = "WinSvc", "src\WinExe\WinSvc\WinSvc\WinSvc.csproj", "{653DFA4E-87CC-4066-B64E-9A3CC0EB0D14}"
EndProject
Project("{FAE04EC0-301F-11D3-BF4B-00C04F79EFBC}") = "WinApp", "src\WinExe\WinApp\WinApp.csproj", "{48887D06-7EC7-4C27-9CEA-ACF3868828AE}"
EndProject
Project("{2150E333-8FDC-42A3-9474-1A3956D46DE8}") = "Gmail", "Gmail", "{0EA8ADA3-B50D-4BE4-93F1-A0029119A5ED}"
EndProject
Project("{FAE04EC0-301F-11D3-BF4B-00C04F79EFBC}") = "Gmail.API", "src\Microservices\Gmail\Gmail.API\Gmail.API.csproj", "{21FD5100-983A-7305-5E97-3FEA7B624B48}"
EndProject
Project("{FAE04EC0-301F-11D3-BF4B-00C04F79EFBC}") = "Gmail.Domain", "src\Microservices\Gmail\Gmail.Domain\Gmail.Domain.csproj", "{23E2ED4D-F2A6-47B6-9340-F111227FAA3A}"
EndProject
Project("{FAE04EC0-301F-11D3-BF4B-00C04F79EFBC}") = "Gmail.Application", "src\Microservices\Gmail\Gmail.Application\Gmail.Application.csproj", "{AF4C143E-D6EA-462B-A6AB-ED2A1026ADA8}"
EndProject
Project("{FAE04EC0-301F-11D3-BF4B-00C04F79EFBC}") = "Gmail.Infrastructure", "src\Microservices\Gmail\Gmail.Infrastructure\Gmail.Infrastructure.csproj", "{C1856DF0-9A19-419F-AC10-8F05087503ED}"
EndProject
Project("{2150E333-8FDC-42A3-9474-1A3956D46DE8}") = "Notifications", "Notifications", "{87E42C13-8F3E-4D29-8D66-62086D66B2BD}"
EndProject
Project("{FAE04EC0-301F-11D3-BF4B-00C04F79EFBC}") = "Notifications.API", "src\Microservices\Notifications\Notifications.API\Notifications.API.csproj", "{344E1351-32AA-2EB6-46F3-208BDD6641D0}"
EndProject
Global
	GlobalSection(SolutionConfigurationPlatforms) = preSolution
		Debug|Any CPU = Debug|Any CPU
		Release|Any CPU = Release|Any CPU
	EndGlobalSection
	GlobalSection(ProjectConfigurationPlatforms) = postSolution
		{C0B18EBB-E32E-4348-B5F7-ADC08BFA12F9}.Debug|Any CPU.ActiveCfg = Debug|Any CPU
		{C0B18EBB-E32E-4348-B5F7-ADC08BFA12F9}.Debug|Any CPU.Build.0 = Debug|Any CPU
		{C0B18EBB-E32E-4348-B5F7-ADC08BFA12F9}.Release|Any CPU.ActiveCfg = Release|Any CPU
		{C0B18EBB-E32E-4348-B5F7-ADC08BFA12F9}.Release|Any CPU.Build.0 = Release|Any CPU
		{12DB1232-0813-C7DE-7B3F-AE71DAFA506F}.Debug|Any CPU.ActiveCfg = Debug|Any CPU
		{12DB1232-0813-C7DE-7B3F-AE71DAFA506F}.Debug|Any CPU.Build.0 = Debug|Any CPU
		{12DB1232-0813-C7DE-7B3F-AE71DAFA506F}.Release|Any CPU.ActiveCfg = Release|Any CPU
		{12DB1232-0813-C7DE-7B3F-AE71DAFA506F}.Release|Any CPU.Build.0 = Release|Any CPU
		{6345095E-97C9-D31F-3FCD-BCB9511292AF}.Debug|Any CPU.ActiveCfg = Debug|Any CPU
		{6345095E-97C9-D31F-3FCD-BCB9511292AF}.Debug|Any CPU.Build.0 = Debug|Any CPU
		{6345095E-97C9-D31F-3FCD-BCB9511292AF}.Release|Any CPU.ActiveCfg = Release|Any CPU
		{6345095E-97C9-D31F-3FCD-BCB9511292AF}.Release|Any CPU.Build.0 = Release|Any CPU
		{92D29AAC-153D-941B-BDB8-3434C8E4C662}.Debug|Any CPU.ActiveCfg = Debug|Any CPU
		{92D29AAC-153D-941B-BDB8-3434C8E4C662}.Debug|Any CPU.Build.0 = Debug|Any CPU
		{92D29AAC-153D-941B-BDB8-3434C8E4C662}.Release|Any CPU.ActiveCfg = Release|Any CPU
		{92D29AAC-153D-941B-BDB8-3434C8E4C662}.Release|Any CPU.Build.0 = Release|Any CPU
		{99E68B27-E178-A6DB-C5CF-DD37DFDC3DC2}.Debug|Any CPU.ActiveCfg = Debug|Any CPU
		{99E68B27-E178-A6DB-C5CF-DD37DFDC3DC2}.Debug|Any CPU.Build.0 = Debug|Any CPU
		{99E68B27-E178-A6DB-C5CF-DD37DFDC3DC2}.Release|Any CPU.ActiveCfg = Release|Any CPU
		{99E68B27-E178-A6DB-C5CF-DD37DFDC3DC2}.Release|Any CPU.Build.0 = Release|Any CPU
		{116344E1-CEE3-49A6-B1DB-8BA5045DBF4E}.Debug|Any CPU.ActiveCfg = Debug|Any CPU
		{116344E1-CEE3-49A6-B1DB-8BA5045DBF4E}.Debug|Any CPU.Build.0 = Debug|Any CPU
		{116344E1-CEE3-49A6-B1DB-8BA5045DBF4E}.Release|Any CPU.ActiveCfg = Release|Any CPU
		{116344E1-CEE3-49A6-B1DB-8BA5045DBF4E}.Release|Any CPU.Build.0 = Release|Any CPU
		{45942591-0078-47EC-ACAC-27119DD59355}.Debug|Any CPU.ActiveCfg = Debug|Any CPU
		{45942591-0078-47EC-ACAC-27119DD59355}.Debug|Any CPU.Build.0 = Debug|Any CPU
		{45942591-0078-47EC-ACAC-27119DD59355}.Release|Any CPU.ActiveCfg = Release|Any CPU
		{45942591-0078-47EC-ACAC-27119DD59355}.Release|Any CPU.Build.0 = Release|Any CPU
		{612D2535-FB55-4D99-B933-70F14BD5C471}.Debug|Any CPU.ActiveCfg = Debug|Any CPU
		{612D2535-FB55-4D99-B933-70F14BD5C471}.Debug|Any CPU.Build.0 = Debug|Any CPU
		{612D2535-FB55-4D99-B933-70F14BD5C471}.Release|Any CPU.ActiveCfg = Release|Any CPU
		{612D2535-FB55-4D99-B933-70F14BD5C471}.Release|Any CPU.Build.0 = Release|Any CPU
		{34FCEC79-8A1B-43A8-A97A-E0D419F736C1}.Debug|Any CPU.ActiveCfg = Debug|Any CPU
		{34FCEC79-8A1B-43A8-A97A-E0D419F736C1}.Debug|Any CPU.Build.0 = Debug|Any CPU
		{34FCEC79-8A1B-43A8-A97A-E0D419F736C1}.Release|Any CPU.ActiveCfg = Release|Any CPU
		{34FCEC79-8A1B-43A8-A97A-E0D419F736C1}.Release|Any CPU.Build.0 = Release|Any CPU
		{02C70B9C-3E73-4EEC-B877-757CE00128FC}.Debug|Any CPU.ActiveCfg = Debug|Any CPU
		{02C70B9C-3E73-4EEC-B877-757CE00128FC}.Debug|Any CPU.Build.0 = Debug|Any CPU
		{02C70B9C-3E73-4EEC-B877-757CE00128FC}.Release|Any CPU.ActiveCfg = Release|Any CPU
		{02C70B9C-3E73-4EEC-B877-757CE00128FC}.Release|Any CPU.Build.0 = Release|Any CPU
		{91CABDF6-538B-4BDE-83E4-837ECDA83A79}.Debug|Any CPU.ActiveCfg = Debug|Any CPU
		{91CABDF6-538B-4BDE-83E4-837ECDA83A79}.Debug|Any CPU.Build.0 = Debug|Any CPU
		{91CABDF6-538B-4BDE-83E4-837ECDA83A79}.Release|Any CPU.ActiveCfg = Release|Any CPU
		{91CABDF6-538B-4BDE-83E4-837ECDA83A79}.Release|Any CPU.Build.0 = Release|Any CPU
		{F1AD29CC-AE95-480E-A24A-AA40FBB8A2C5}.Debug|Any CPU.ActiveCfg = Debug|Any CPU
		{F1AD29CC-AE95-480E-A24A-AA40FBB8A2C5}.Debug|Any CPU.Build.0 = Debug|Any CPU
		{F1AD29CC-AE95-480E-A24A-AA40FBB8A2C5}.Release|Any CPU.ActiveCfg = Release|Any CPU
		{F1AD29CC-AE95-480E-A24A-AA40FBB8A2C5}.Release|Any CPU.Build.0 = Release|Any CPU
		{838D40A8-7464-4557-9F46-6F7B6875179C}.Debug|Any CPU.ActiveCfg = Debug|Any CPU
		{838D40A8-7464-4557-9F46-6F7B6875179C}.Debug|Any CPU.Build.0 = Debug|Any CPU
		{838D40A8-7464-4557-9F46-6F7B6875179C}.Release|Any CPU.ActiveCfg = Release|Any CPU
		{838D40A8-7464-4557-9F46-6F7B6875179C}.Release|Any CPU.Build.0 = Release|Any CPU
		{653DFA4E-87CC-4066-B64E-9A3CC0EB0D14}.Debug|Any CPU.ActiveCfg = Debug|Any CPU
		{653DFA4E-87CC-4066-B64E-9A3CC0EB0D14}.Debug|Any CPU.Build.0 = Debug|Any CPU
		{653DFA4E-87CC-4066-B64E-9A3CC0EB0D14}.Release|Any CPU.ActiveCfg = Release|Any CPU
		{653DFA4E-87CC-4066-B64E-9A3CC0EB0D14}.Release|Any CPU.Build.0 = Release|Any CPU
		{48887D06-7EC7-4C27-9CEA-ACF3868828AE}.Debug|Any CPU.ActiveCfg = Debug|Any CPU
		{48887D06-7EC7-4C27-9CEA-ACF3868828AE}.Debug|Any CPU.Build.0 = Debug|Any CPU
		{48887D06-7EC7-4C27-9CEA-ACF3868828AE}.Release|Any CPU.ActiveCfg = Release|Any CPU
		{48887D06-7EC7-4C27-9CEA-ACF3868828AE}.Release|Any CPU.Build.0 = Release|Any CPU
		{21FD5100-983A-7305-5E97-3FEA7B624B48}.Debug|Any CPU.ActiveCfg = Debug|Any CPU
		{21FD5100-983A-7305-5E97-3FEA7B624B48}.Debug|Any CPU.Build.0 = Debug|Any CPU
		{21FD5100-983A-7305-5E97-3FEA7B624B48}.Release|Any CPU.ActiveCfg = Release|Any CPU
		{21FD5100-983A-7305-5E97-3FEA7B624B48}.Release|Any CPU.Build.0 = Release|Any CPU
		{23E2ED4D-F2A6-47B6-9340-F111227FAA3A}.Debug|Any CPU.ActiveCfg = Debug|Any CPU
		{23E2ED4D-F2A6-47B6-9340-F111227FAA3A}.Debug|Any CPU.Build.0 = Debug|Any CPU
		{23E2ED4D-F2A6-47B6-9340-F111227FAA3A}.Release|Any CPU.ActiveCfg = Release|Any CPU
		{23E2ED4D-F2A6-47B6-9340-F111227FAA3A}.Release|Any CPU.Build.0 = Release|Any CPU
		{AF4C143E-D6EA-462B-A6AB-ED2A1026ADA8}.Debug|Any CPU.ActiveCfg = Debug|Any CPU
		{AF4C143E-D6EA-462B-A6AB-ED2A1026ADA8}.Debug|Any CPU.Build.0 = Debug|Any CPU
		{AF4C143E-D6EA-462B-A6AB-ED2A1026ADA8}.Release|Any CPU.ActiveCfg = Release|Any CPU
		{AF4C143E-D6EA-462B-A6AB-ED2A1026ADA8}.Release|Any CPU.Build.0 = Release|Any CPU
		{C1856DF0-9A19-419F-AC10-8F05087503ED}.Debug|Any CPU.ActiveCfg = Debug|Any CPU
		{C1856DF0-9A19-419F-AC10-8F05087503ED}.Debug|Any CPU.Build.0 = Debug|Any CPU
		{C1856DF0-9A19-419F-AC10-8F05087503ED}.Release|Any CPU.ActiveCfg = Release|Any CPU
		{C1856DF0-9A19-419F-AC10-8F05087503ED}.Release|Any CPU.Build.0 = Release|Any CPU
		{344E1351-32AA-2EB6-46F3-208BDD6641D0}.Debug|Any CPU.ActiveCfg = Debug|Any CPU
		{344E1351-32AA-2EB6-46F3-208BDD6641D0}.Debug|Any CPU.Build.0 = Debug|Any CPU
		{344E1351-32AA-2EB6-46F3-208BDD6641D0}.Release|Any CPU.ActiveCfg = Release|Any CPU
		{344E1351-32AA-2EB6-46F3-208BDD6641D0}.Release|Any CPU.Build.0 = Release|Any CPU
	EndGlobalSection
	GlobalSection(SolutionProperties) = preSolution
		HideSolutionNode = FALSE
	EndGlobalSection
	GlobalSection(NestedProjects) = preSolution
		{C0B18EBB-E32E-4348-B5F7-ADC08BFA12F9} = {3409F188-87E8-4A4E-9D87-3ADBABAD2902}
		{12DB1232-0813-C7DE-7B3F-AE71DAFA506F} = {3409F188-87E8-4A4E-9D87-3ADBABAD2902}
		{6345095E-97C9-D31F-3FCD-BCB9511292AF} = {5AAC7D1F-A52D-4F59-AE47-06D6080C1CCE}
		{92D29AAC-153D-941B-BDB8-3434C8E4C662} = {DBF258AA-21CA-4546-97F3-1466A61A018A}
		{5AAC7D1F-A52D-4F59-AE47-06D6080C1CCE} = {02EA681E-C7D8-13C7-8484-4AC65E1B71E8}
		{9A523127-44F9-4A8D-9807-F18530625291} = {02EA681E-C7D8-13C7-8484-4AC65E1B71E8}
		{3409F188-87E8-4A4E-9D87-3ADBABAD2902} = {02EA681E-C7D8-13C7-8484-4AC65E1B71E8}
		{3E7292B7-391C-4517-AA3A-C234E1D04C67} = {02EA681E-C7D8-13C7-8484-4AC65E1B71E8}
		{5EB9A260-62CA-426A-9698-0940377E79FD} = {9A523127-44F9-4A8D-9807-F18530625291}
		{99E68B27-E178-A6DB-C5CF-DD37DFDC3DC2} = {5EB9A260-62CA-426A-9698-0940377E79FD}
		{116344E1-CEE3-49A6-B1DB-8BA5045DBF4E} = {5EB9A260-62CA-426A-9698-0940377E79FD}
		{45942591-0078-47EC-ACAC-27119DD59355} = {5EB9A260-62CA-426A-9698-0940377E79FD}
		{612D2535-FB55-4D99-B933-70F14BD5C471} = {5EB9A260-62CA-426A-9698-0940377E79FD}
		{34FCEC79-8A1B-43A8-A97A-E0D419F736C1} = {5EB9A260-62CA-426A-9698-0940377E79FD}
		{F21BF07A-5750-4D0E-B873-1F09A8C31505} = {9A523127-44F9-4A8D-9807-F18530625291}
		{A7F21109-5D73-4358-9648-042F562B8E4A} = {9A523127-44F9-4A8D-9807-F18530625291}
		{D3A75E6D-8D9D-4BC2-A99A-313E3594E087} = {9A523127-44F9-4A8D-9807-F18530625291}
		{74B7F3EE-8D57-4C88-A5F9-76DB6535CDA0} = {DBF258AA-21CA-4546-97F3-1466A61A018A}
		{74FE3C11-AE1E-453B-9465-A1373DAA92DD} = {DBF258AA-21CA-4546-97F3-1466A61A018A}
		{E309EC2A-7450-4880-A6FD-D743A86860C8} = {DBF258AA-21CA-4546-97F3-1466A61A018A}
		{02C70B9C-3E73-4EEC-B877-757CE00128FC} = {3E7292B7-391C-4517-AA3A-C234E1D04C67}
		{91CABDF6-538B-4BDE-83E4-837ECDA83A79} = {3E7292B7-391C-4517-AA3A-C234E1D04C67}
		{F1AD29CC-AE95-480E-A24A-AA40FBB8A2C5} = {3E7292B7-391C-4517-AA3A-C234E1D04C67}
		{838D40A8-7464-4557-9F46-6F7B6875179C} = {3E7292B7-391C-4517-AA3A-C234E1D04C67}
		{CBFC0D9C-E79F-4B38-AD82-51F257D7CA64} = {EA1DAE95-0EB5-4BB0-AF89-5BA7663D9DA3}
		{ACFD8820-65A4-4720-A8DB-CB7F00250C96} = {3898CD42-E8B5-4F88-8BD7-DC0FC8B27011}
		{A24FE35D-8CDF-4CDF-AC81-EF3BFC79CFF7} = {1C79E314-7870-4270-97F6-9414F9BB705B}
		{FB3B0A39-3A4D-4E41-B5DE-F1967A313E7B} = {1C79E314-7870-4270-97F6-9414F9BB705B}
		{1C79E314-7870-4270-97F6-9414F9BB705B} = {02EA681E-C7D8-13C7-8484-4AC65E1B71E8}
		{653DFA4E-87CC-4066-B64E-9A3CC0EB0D14} = {A24FE35D-8CDF-4CDF-AC81-EF3BFC79CFF7}
		{48887D06-7EC7-4C27-9CEA-ACF3868828AE} = {FB3B0A39-3A4D-4E41-B5DE-F1967A313E7B}
		{0EA8ADA3-B50D-4BE4-93F1-A0029119A5ED} = {9A523127-44F9-4A8D-9807-F18530625291}
		{21FD5100-983A-7305-5E97-3FEA7B624B48} = {0EA8ADA3-B50D-4BE4-93F1-A0029119A5ED}
		{23E2ED4D-F2A6-47B6-9340-F111227FAA3A} = {0EA8ADA3-B50D-4BE4-93F1-A0029119A5ED}
		{AF4C143E-D6EA-462B-A6AB-ED2A1026ADA8} = {0EA8ADA3-B50D-4BE4-93F1-A0029119A5ED}
		{C1856DF0-9A19-419F-AC10-8F05087503ED} = {0EA8ADA3-B50D-4BE4-93F1-A0029119A5ED}
		{87E42C13-8F3E-4D29-8D66-62086D66B2BD} = {9A523127-44F9-4A8D-9807-F18530625291}
		{344E1351-32AA-2EB6-46F3-208BDD6641D0} = {87E42C13-8F3E-4D29-8D66-62086D66B2BD}
	EndGlobalSection
	GlobalSection(ExtensibilityGlobals) = postSolution
		SolutionGuid = {C20D381E-CD9D-422D-8C47-5865681B264D}
	EndGlobalSection
EndGlobal
